
Microsoft Visual Studio Solution File, Format Version 12.00
# Visual Studio Version 17
VisualStudioVersion = 17.0.31903.59
MinimumVisualStudioVersion = 10.0.40219.1
Project("{2150E333-8FDC-42A3-9474-1A3956D46DE8}") = "src", "src", "{827E0CD3-B72D-47B6-A68D-7590B98EB39B}"
EndProject
Project("{FAE04EC0-301F-11D3-BF4B-00C04F79EFBC}") = "GraviAccelerate", "src\GraviAccelerate\GraviAccelerate.csproj", "{823415C3-0DB0-4139-92CE-53FC68F2C998}"
EndProject
Project("{FAE04EC0-301F-11D3-BF4B-00C04F79EFBC}") = "GraviDatasets", "src\GraviDatasets\GraviDatasets.csproj", "{418C1075-75A2-43A1-9D94-17F04B9089CA}"
EndProject
Project("{FAE04EC0-301F-11D3-BF4B-00C04F79EFBC}") = "GraviHub", "src\GraviHub\GraviHub.csproj", "{7B818BD9-C4B8-4507-B651-30E66D7A6A6D}"
EndProject
Project("{FAE04EC0-301F-11D3-BF4B-00C04F79EFBC}") = "GraviDiffusers", "src\GraviDiffusers\GraviDiffusers.csproj", "{C8707425-E64F-4068-8C54-41D76DC4F37D}"
EndProject
Project("{FAE04EC0-301F-11D3-BF4B-00C04F79EFBC}") = "GraviOptimum", "src\GraviOptimum\GraviOptimum.csproj", "{EE236E06-94CA-4DCB-A449-31C11BA1F172}"
EndProject
Project("{FAE04EC0-301F-11D3-BF4B-00C04F79EFBC}") = "GraviTokenizers", "src\GraviTokenizers\GraviTokenizers.csproj", "{FE385441-5675-490B-85C6-5B94623FACE2}"
EndProject
Project("{FAE04EC0-301F-11D3-BF4B-00C04F79EFBC}") = "GraviPEFT", "src\GraviPEFT\GraviPEFT.csproj", "{7FA100E0-5EA4-4E6E-8B83-063F0B2B133B}"
EndProject
Project("{FAE04EC0-301F-11D3-BF4B-00C04F79EFBC}") = "GraviTransformers", "src\GraviTransformers\GraviTransformers.csproj", "{9FDFFBAB-A223-40BE-9880-77327A8D7FDE}"
EndProject
Project("{2150E333-8FDC-42A3-9474-1A3956D46DE8}") = "samples", "samples", "{5D20AA90-6969-D8BD-9DCD-8634F4692FDA}"
EndProject
Project("{FAE04EC0-301F-11D3-BF4B-00C04F79EFBC}") = "GraviHub.Console", "samples\GraviHub.Console\GraviHub.Console.csproj", "{D6DA8755-2CE8-4BDF-A23C-EFA3E140AC96}"
EndProject
Project("{FAE04EC0-301F-11D3-BF4B-00C04F79EFBC}") = "GraviOptimum.Console", "samples\GraviOptimum.Console\GraviOptimum.Console.csproj", "{40653D57-5D4D-4898-B1F2-FD03C6EC9370}"
EndProject
Project("{FAE04EC0-301F-11D3-BF4B-00C04F79EFBC}") = "GraviTokenizers.Console", "samples\GraviTokenizers.Console\GraviTokenizers.Console.csproj", "{41DC7047-9797-4617-8630-3B654275E389}"
EndProject
Project("{FAE04EC0-301F-11D3-BF4B-00C04F79EFBC}") = "GraviTransformers.Console", "samples\GraviTransformers.Console\GraviTransformers.Console.csproj", "{06D3C777-75C5-422B-BC17-11FE0DA01CED}"
EndProject
Project("{2150E333-8FDC-42A3-9474-1A3956D46DE8}") = "tests", "tests", "{0AB3BF05-4346-4AA6-1389-037BE0695223}"
EndProject
Project("{FAE04EC0-301F-11D3-BF4B-00C04F79EFBC}") = "GraviAccelerate.Tests", "tests\GraviAccelerate.Tests\GraviAccelerate.Tests.csproj", "{86474082-A81A-4C0F-A41A-1BB85C27E4F7}"
EndProject
Project("{FAE04EC0-301F-11D3-BF4B-00C04F79EFBC}") = "GraviDatasets.Tests", "tests\GraviDatasets.Tests\GraviDatasets.Tests.csproj", "{8B0DA860-638B-41F9-B088-653C51B6C957}"
EndProject
Project("{FAE04EC0-301F-11D3-BF4B-00C04F79EFBC}") = "GraviDiffusers.Tests", "tests\GraviDiffusers.Tests\GraviDiffusers.Tests.csproj", "{495E4BA6-3566-48A5-A8DB-F5A2BE7C5D66}"
EndProject
Project("{FAE04EC0-301F-11D3-BF4B-00C04F79EFBC}") = "GraviHub.Tests", "tests\GraviHub.Tests\GraviHub.Tests.csproj", "{4EB64F31-AE0B-4790-B2C0-6D0ABE74DD13}"
EndProject
Project("{FAE04EC0-301F-11D3-BF4B-00C04F79EFBC}") = "GraviOptimum.Tests", "tests\GraviOptimum.Tests\GraviOptimum.Tests.csproj", "{43A1B211-6B54-4F53-9ACF-778AADBA303F}"
EndProject
Project("{FAE04EC0-301F-11D3-BF4B-00C04F79EFBC}") = "GraviPEFT.Tests", "tests\GraviPEFT.Tests\GraviPEFT.Tests.csproj", "{907FAAC5-0B34-4523-80AC-38B01583B4A4}"
EndProject
Project("{FAE04EC0-301F-11D3-BF4B-00C04F79EFBC}") = "GraviTokenizers.Tests", "tests\GraviTokenizers.Tests\GraviTokenizers.Tests.csproj", "{8D85ED74-EF9F-4B22-94AE-1F18A050FF03}"
EndProject
Project("{FAE04EC0-301F-11D3-BF4B-00C04F79EFBC}") = "GraviTransformers.Tests", "tests\GraviTransformers.Tests\GraviTransformers.Tests.csproj", "{E3DD2956-11D2-497D-9A7C-92702AB77862}"
EndProject
Project("{2150E333-8FDC-42A3-9474-1A3956D46DE8}") = "tools", "tools", "{07C2787E-EAC7-C090-1BA3-A61EC2A24D84}"
EndProject
Project("{FAE04EC0-301F-11D3-BF4B-00C04F79EFBC}") = "HFAppGen", "tools\HFAppGen\HFAppGen.csproj", "{709550F8-235C-42BD-A8BB-F0C6BB027E66}"
EndProject
Project("{FAE04EC0-301F-11D3-BF4B-00C04F79EFBC}") = "HFGallery", "samples\HFGallery\HFGallery.csproj", "{CFF753B9-7640-4619-8E74-322752429338}"
EndProject
Global
	GlobalSection(SolutionConfigurationPlatforms) = preSolution
		Debug|Any CPU = Debug|Any CPU
		Debug|x64 = Debug|x64
		Debug|x86 = Debug|x86
		Release|Any CPU = Release|Any CPU
		Release|x64 = Release|x64
		Release|x86 = Release|x86
	EndGlobalSection
	GlobalSection(ProjectConfigurationPlatforms) = postSolution
		{823415C3-0DB0-4139-92CE-53FC68F2C998}.Debug|Any CPU.ActiveCfg = Debug|Any CPU
		{823415C3-0DB0-4139-92CE-53FC68F2C998}.Debug|Any CPU.Build.0 = Debug|Any CPU
		{823415C3-0DB0-4139-92CE-53FC68F2C998}.Debug|x64.ActiveCfg = Debug|Any CPU
		{823415C3-0DB0-4139-92CE-53FC68F2C998}.Debug|x64.Build.0 = Debug|Any CPU
		{823415C3-0DB0-4139-92CE-53FC68F2C998}.Debug|x86.ActiveCfg = Debug|Any CPU
		{823415C3-0DB0-4139-92CE-53FC68F2C998}.Debug|x86.Build.0 = Debug|Any CPU
		{823415C3-0DB0-4139-92CE-53FC68F2C998}.Release|Any CPU.ActiveCfg = Release|Any CPU
		{823415C3-0DB0-4139-92CE-53FC68F2C998}.Release|Any CPU.Build.0 = Release|Any CPU
		{823415C3-0DB0-4139-92CE-53FC68F2C998}.Release|x64.ActiveCfg = Release|Any CPU
		{823415C3-0DB0-4139-92CE-53FC68F2C998}.Release|x64.Build.0 = Release|Any CPU
		{823415C3-0DB0-4139-92CE-53FC68F2C998}.Release|x86.ActiveCfg = Release|Any CPU
		{823415C3-0DB0-4139-92CE-53FC68F2C998}.Release|x86.Build.0 = Release|Any CPU
		{418C1075-75A2-43A1-9D94-17F04B9089CA}.Debug|Any CPU.ActiveCfg = Debug|Any CPU
		{418C1075-75A2-43A1-9D94-17F04B9089CA}.Debug|Any CPU.Build.0 = Debug|Any CPU
		{418C1075-75A2-43A1-9D94-17F04B9089CA}.Debug|x64.ActiveCfg = Debug|Any CPU
		{418C1075-75A2-43A1-9D94-17F04B9089CA}.Debug|x64.Build.0 = Debug|Any CPU
		{418C1075-75A2-43A1-9D94-17F04B9089CA}.Debug|x86.ActiveCfg = Debug|Any CPU
		{418C1075-75A2-43A1-9D94-17F04B9089CA}.Debug|x86.Build.0 = Debug|Any CPU
		{418C1075-75A2-43A1-9D94-17F04B9089CA}.Release|Any CPU.ActiveCfg = Release|Any CPU
		{418C1075-75A2-43A1-9D94-17F04B9089CA}.Release|Any CPU.Build.0 = Release|Any CPU
		{418C1075-75A2-43A1-9D94-17F04B9089CA}.Release|x64.ActiveCfg = Release|Any CPU
		{418C1075-75A2-43A1-9D94-17F04B9089CA}.Release|x64.Build.0 = Release|Any CPU
		{418C1075-75A2-43A1-9D94-17F04B9089CA}.Release|x86.ActiveCfg = Release|Any CPU
		{418C1075-75A2-43A1-9D94-17F04B9089CA}.Release|x86.Build.0 = Release|Any CPU
		{7B818BD9-C4B8-4507-B651-30E66D7A6A6D}.Debug|Any CPU.ActiveCfg = Debug|Any CPU
		{7B818BD9-C4B8-4507-B651-30E66D7A6A6D}.Debug|Any CPU.Build.0 = Debug|Any CPU
		{7B818BD9-C4B8-4507-B651-30E66D7A6A6D}.Debug|x64.ActiveCfg = Debug|Any CPU
		{7B818BD9-C4B8-4507-B651-30E66D7A6A6D}.Debug|x64.Build.0 = Debug|Any CPU
		{7B818BD9-C4B8-4507-B651-30E66D7A6A6D}.Debug|x86.ActiveCfg = Debug|Any CPU
		{7B818BD9-C4B8-4507-B651-30E66D7A6A6D}.Debug|x86.Build.0 = Debug|Any CPU
		{7B818BD9-C4B8-4507-B651-30E66D7A6A6D}.Release|Any CPU.ActiveCfg = Release|Any CPU
		{7B818BD9-C4B8-4507-B651-30E66D7A6A6D}.Release|Any CPU.Build.0 = Release|Any CPU
		{7B818BD9-C4B8-4507-B651-30E66D7A6A6D}.Release|x64.ActiveCfg = Release|Any CPU
		{7B818BD9-C4B8-4507-B651-30E66D7A6A6D}.Release|x64.Build.0 = Release|Any CPU
		{7B818BD9-C4B8-4507-B651-30E66D7A6A6D}.Release|x86.ActiveCfg = Release|Any CPU
		{7B818BD9-C4B8-4507-B651-30E66D7A6A6D}.Release|x86.Build.0 = Release|Any CPU
		{C8707425-E64F-4068-8C54-41D76DC4F37D}.Debug|Any CPU.ActiveCfg = Debug|Any CPU
		{C8707425-E64F-4068-8C54-41D76DC4F37D}.Debug|Any CPU.Build.0 = Debug|Any CPU
		{C8707425-E64F-4068-8C54-41D76DC4F37D}.Debug|x64.ActiveCfg = Debug|Any CPU
		{C8707425-E64F-4068-8C54-41D76DC4F37D}.Debug|x64.Build.0 = Debug|Any CPU
		{C8707425-E64F-4068-8C54-41D76DC4F37D}.Debug|x86.ActiveCfg = Debug|Any CPU
		{C8707425-E64F-4068-8C54-41D76DC4F37D}.Debug|x86.Build.0 = Debug|Any CPU
		{C8707425-E64F-4068-8C54-41D76DC4F37D}.Release|Any CPU.ActiveCfg = Release|Any CPU
		{C8707425-E64F-4068-8C54-41D76DC4F37D}.Release|Any CPU.Build.0 = Release|Any CPU
		{C8707425-E64F-4068-8C54-41D76DC4F37D}.Release|x64.ActiveCfg = Release|Any CPU
		{C8707425-E64F-4068-8C54-41D76DC4F37D}.Release|x64.Build.0 = Release|Any CPU
		{C8707425-E64F-4068-8C54-41D76DC4F37D}.Release|x86.ActiveCfg = Release|Any CPU
		{C8707425-E64F-4068-8C54-41D76DC4F37D}.Release|x86.Build.0 = Release|Any CPU
		{EE236E06-94CA-4DCB-A449-31C11BA1F172}.Debug|Any CPU.ActiveCfg = Debug|Any CPU
		{EE236E06-94CA-4DCB-A449-31C11BA1F172}.Debug|Any CPU.Build.0 = Debug|Any CPU
		{EE236E06-94CA-4DCB-A449-31C11BA1F172}.Debug|x64.ActiveCfg = Debug|Any CPU
		{EE236E06-94CA-4DCB-A449-31C11BA1F172}.Debug|x64.Build.0 = Debug|Any CPU
		{EE236E06-94CA-4DCB-A449-31C11BA1F172}.Debug|x86.ActiveCfg = Debug|Any CPU
		{EE236E06-94CA-4DCB-A449-31C11BA1F172}.Debug|x86.Build.0 = Debug|Any CPU
		{EE236E06-94CA-4DCB-A449-31C11BA1F172}.Release|Any CPU.ActiveCfg = Release|Any CPU
		{EE236E06-94CA-4DCB-A449-31C11BA1F172}.Release|Any CPU.Build.0 = Release|Any CPU
		{EE236E06-94CA-4DCB-A449-31C11BA1F172}.Release|x64.ActiveCfg = Release|Any CPU
		{EE236E06-94CA-4DCB-A449-31C11BA1F172}.Release|x64.Build.0 = Release|Any CPU
		{EE236E06-94CA-4DCB-A449-31C11BA1F172}.Release|x86.ActiveCfg = Release|Any CPU
		{EE236E06-94CA-4DCB-A449-31C11BA1F172}.Release|x86.Build.0 = Release|Any CPU
		{FE385441-5675-490B-85C6-5B94623FACE2}.Debug|Any CPU.ActiveCfg = Debug|Any CPU
		{FE385441-5675-490B-85C6-5B94623FACE2}.Debug|Any CPU.Build.0 = Debug|Any CPU
		{FE385441-5675-490B-85C6-5B94623FACE2}.Debug|x64.ActiveCfg = Debug|Any CPU
		{FE385441-5675-490B-85C6-5B94623FACE2}.Debug|x64.Build.0 = Debug|Any CPU
		{FE385441-5675-490B-85C6-5B94623FACE2}.Debug|x86.ActiveCfg = Debug|Any CPU
		{FE385441-5675-490B-85C6-5B94623FACE2}.Debug|x86.Build.0 = Debug|Any CPU
		{FE385441-5675-490B-85C6-5B94623FACE2}.Release|Any CPU.ActiveCfg = Release|Any CPU
		{FE385441-5675-490B-85C6-5B94623FACE2}.Release|Any CPU.Build.0 = Release|Any CPU
		{FE385441-5675-490B-85C6-5B94623FACE2}.Release|x64.ActiveCfg = Release|Any CPU
		{FE385441-5675-490B-85C6-5B94623FACE2}.Release|x64.Build.0 = Release|Any CPU
		{FE385441-5675-490B-85C6-5B94623FACE2}.Release|x86.ActiveCfg = Release|Any CPU
		{FE385441-5675-490B-85C6-5B94623FACE2}.Release|x86.Build.0 = Release|Any CPU
		{7FA100E0-5EA4-4E6E-8B83-063F0B2B133B}.Debug|Any CPU.ActiveCfg = Debug|Any CPU
		{7FA100E0-5EA4-4E6E-8B83-063F0B2B133B}.Debug|Any CPU.Build.0 = Debug|Any CPU
		{7FA100E0-5EA4-4E6E-8B83-063F0B2B133B}.Debug|x64.ActiveCfg = Debug|Any CPU
		{7FA100E0-5EA4-4E6E-8B83-063F0B2B133B}.Debug|x64.Build.0 = Debug|Any CPU
		{7FA100E0-5EA4-4E6E-8B83-063F0B2B133B}.Debug|x86.ActiveCfg = Debug|Any CPU
		{7FA100E0-5EA4-4E6E-8B83-063F0B2B133B}.Debug|x86.Build.0 = Debug|Any CPU
		{7FA100E0-5EA4-4E6E-8B83-063F0B2B133B}.Release|Any CPU.ActiveCfg = Release|Any CPU
		{7FA100E0-5EA4-4E6E-8B83-063F0B2B133B}.Release|Any CPU.Build.0 = Release|Any CPU
		{7FA100E0-5EA4-4E6E-8B83-063F0B2B133B}.Release|x64.ActiveCfg = Release|Any CPU
		{7FA100E0-5EA4-4E6E-8B83-063F0B2B133B}.Release|x64.Build.0 = Release|Any CPU
		{7FA100E0-5EA4-4E6E-8B83-063F0B2B133B}.Release|x86.ActiveCfg = Release|Any CPU
		{7FA100E0-5EA4-4E6E-8B83-063F0B2B133B}.Release|x86.Build.0 = Release|Any CPU
		{9FDFFBAB-A223-40BE-9880-77327A8D7FDE}.Debug|Any CPU.ActiveCfg = Debug|Any CPU
		{9FDFFBAB-A223-40BE-9880-77327A8D7FDE}.Debug|Any CPU.Build.0 = Debug|Any CPU
		{9FDFFBAB-A223-40BE-9880-77327A8D7FDE}.Debug|x64.ActiveCfg = Debug|Any CPU
		{9FDFFBAB-A223-40BE-9880-77327A8D7FDE}.Debug|x64.Build.0 = Debug|Any CPU
		{9FDFFBAB-A223-40BE-9880-77327A8D7FDE}.Debug|x86.ActiveCfg = Debug|Any CPU
		{9FDFFBAB-A223-40BE-9880-77327A8D7FDE}.Debug|x86.Build.0 = Debug|Any CPU
		{9FDFFBAB-A223-40BE-9880-77327A8D7FDE}.Release|Any CPU.ActiveCfg = Release|Any CPU
		{9FDFFBAB-A223-40BE-9880-77327A8D7FDE}.Release|Any CPU.Build.0 = Release|Any CPU
		{9FDFFBAB-A223-40BE-9880-77327A8D7FDE}.Release|x64.ActiveCfg = Release|Any CPU
		{9FDFFBAB-A223-40BE-9880-77327A8D7FDE}.Release|x64.Build.0 = Release|Any CPU
		{9FDFFBAB-A223-40BE-9880-77327A8D7FDE}.Release|x86.ActiveCfg = Release|Any CPU
		{9FDFFBAB-A223-40BE-9880-77327A8D7FDE}.Release|x86.Build.0 = Release|Any CPU
		{D6DA8755-2CE8-4BDF-A23C-EFA3E140AC96}.Debug|Any CPU.ActiveCfg = Debug|Any CPU
		{D6DA8755-2CE8-4BDF-A23C-EFA3E140AC96}.Debug|Any CPU.Build.0 = Debug|Any CPU
		{D6DA8755-2CE8-4BDF-A23C-EFA3E140AC96}.Debug|x64.ActiveCfg = Debug|Any CPU
		{D6DA8755-2CE8-4BDF-A23C-EFA3E140AC96}.Debug|x64.Build.0 = Debug|Any CPU
		{D6DA8755-2CE8-4BDF-A23C-EFA3E140AC96}.Debug|x86.ActiveCfg = Debug|Any CPU
		{D6DA8755-2CE8-4BDF-A23C-EFA3E140AC96}.Debug|x86.Build.0 = Debug|Any CPU
		{D6DA8755-2CE8-4BDF-A23C-EFA3E140AC96}.Release|Any CPU.ActiveCfg = Release|Any CPU
		{D6DA8755-2CE8-4BDF-A23C-EFA3E140AC96}.Release|Any CPU.Build.0 = Release|Any CPU
		{D6DA8755-2CE8-4BDF-A23C-EFA3E140AC96}.Release|x64.ActiveCfg = Release|Any CPU
		{D6DA8755-2CE8-4BDF-A23C-EFA3E140AC96}.Release|x64.Build.0 = Release|Any CPU
		{D6DA8755-2CE8-4BDF-A23C-EFA3E140AC96}.Release|x86.ActiveCfg = Release|Any CPU
		{D6DA8755-2CE8-4BDF-A23C-EFA3E140AC96}.Release|x86.Build.0 = Release|Any CPU
		{40653D57-5D4D-4898-B1F2-FD03C6EC9370}.Debug|Any CPU.ActiveCfg = Debug|Any CPU
		{40653D57-5D4D-4898-B1F2-FD03C6EC9370}.Debug|Any CPU.Build.0 = Debug|Any CPU
		{40653D57-5D4D-4898-B1F2-FD03C6EC9370}.Debug|x64.ActiveCfg = Debug|Any CPU
		{40653D57-5D4D-4898-B1F2-FD03C6EC9370}.Debug|x64.Build.0 = Debug|Any CPU
		{40653D57-5D4D-4898-B1F2-FD03C6EC9370}.Debug|x86.ActiveCfg = Debug|Any CPU
		{40653D57-5D4D-4898-B1F2-FD03C6EC9370}.Debug|x86.Build.0 = Debug|Any CPU
		{40653D57-5D4D-4898-B1F2-FD03C6EC9370}.Release|Any CPU.ActiveCfg = Release|Any CPU
		{40653D57-5D4D-4898-B1F2-FD03C6EC9370}.Release|Any CPU.Build.0 = Release|Any CPU
		{40653D57-5D4D-4898-B1F2-FD03C6EC9370}.Release|x64.ActiveCfg = Release|Any CPU
		{40653D57-5D4D-4898-B1F2-FD03C6EC9370}.Release|x64.Build.0 = Release|Any CPU
		{40653D57-5D4D-4898-B1F2-FD03C6EC9370}.Release|x86.ActiveCfg = Release|Any CPU
		{40653D57-5D4D-4898-B1F2-FD03C6EC9370}.Release|x86.Build.0 = Release|Any CPU
		{41DC7047-9797-4617-8630-3B654275E389}.Debug|Any CPU.ActiveCfg = Debug|Any CPU
		{41DC7047-9797-4617-8630-3B654275E389}.Debug|Any CPU.Build.0 = Debug|Any CPU
		{41DC7047-9797-4617-8630-3B654275E389}.Debug|x64.ActiveCfg = Debug|Any CPU
		{41DC7047-9797-4617-8630-3B654275E389}.Debug|x64.Build.0 = Debug|Any CPU
		{41DC7047-9797-4617-8630-3B654275E389}.Debug|x86.ActiveCfg = Debug|Any CPU
		{41DC7047-9797-4617-8630-3B654275E389}.Debug|x86.Build.0 = Debug|Any CPU
		{41DC7047-9797-4617-8630-3B654275E389}.Release|Any CPU.ActiveCfg = Release|Any CPU
		{41DC7047-9797-4617-8630-3B654275E389}.Release|Any CPU.Build.0 = Release|Any CPU
		{41DC7047-9797-4617-8630-3B654275E389}.Release|x64.ActiveCfg = Release|Any CPU
		{41DC7047-9797-4617-8630-3B654275E389}.Release|x64.Build.0 = Release|Any CPU
		{41DC7047-9797-4617-8630-3B654275E389}.Release|x86.ActiveCfg = Release|Any CPU
		{41DC7047-9797-4617-8630-3B654275E389}.Release|x86.Build.0 = Release|Any CPU
		{06D3C777-75C5-422B-BC17-11FE0DA01CED}.Debug|Any CPU.ActiveCfg = Debug|Any CPU
		{06D3C777-75C5-422B-BC17-11FE0DA01CED}.Debug|Any CPU.Build.0 = Debug|Any CPU
		{06D3C777-75C5-422B-BC17-11FE0DA01CED}.Debug|x64.ActiveCfg = Debug|Any CPU
		{06D3C777-75C5-422B-BC17-11FE0DA01CED}.Debug|x64.Build.0 = Debug|Any CPU
		{06D3C777-75C5-422B-BC17-11FE0DA01CED}.Debug|x86.ActiveCfg = Debug|Any CPU
		{06D3C777-75C5-422B-BC17-11FE0DA01CED}.Debug|x86.Build.0 = Debug|Any CPU
		{06D3C777-75C5-422B-BC17-11FE0DA01CED}.Release|Any CPU.ActiveCfg = Release|Any CPU
		{06D3C777-75C5-422B-BC17-11FE0DA01CED}.Release|Any CPU.Build.0 = Release|Any CPU
		{06D3C777-75C5-422B-BC17-11FE0DA01CED}.Release|x64.ActiveCfg = Release|Any CPU
		{06D3C777-75C5-422B-BC17-11FE0DA01CED}.Release|x64.Build.0 = Release|Any CPU
		{06D3C777-75C5-422B-BC17-11FE0DA01CED}.Release|x86.ActiveCfg = Release|Any CPU
		{06D3C777-75C5-422B-BC17-11FE0DA01CED}.Release|x86.Build.0 = Release|Any CPU
		{86474082-A81A-4C0F-A41A-1BB85C27E4F7}.Debug|Any CPU.ActiveCfg = Debug|Any CPU
		{86474082-A81A-4C0F-A41A-1BB85C27E4F7}.Debug|Any CPU.Build.0 = Debug|Any CPU
		{86474082-A81A-4C0F-A41A-1BB85C27E4F7}.Debug|x64.ActiveCfg = Debug|Any CPU
		{86474082-A81A-4C0F-A41A-1BB85C27E4F7}.Debug|x64.Build.0 = Debug|Any CPU
		{86474082-A81A-4C0F-A41A-1BB85C27E4F7}.Debug|x86.ActiveCfg = Debug|Any CPU
		{86474082-A81A-4C0F-A41A-1BB85C27E4F7}.Debug|x86.Build.0 = Debug|Any CPU
		{86474082-A81A-4C0F-A41A-1BB85C27E4F7}.Release|Any CPU.ActiveCfg = Release|Any CPU
		{86474082-A81A-4C0F-A41A-1BB85C27E4F7}.Release|Any CPU.Build.0 = Release|Any CPU
		{86474082-A81A-4C0F-A41A-1BB85C27E4F7}.Release|x64.ActiveCfg = Release|Any CPU
		{86474082-A81A-4C0F-A41A-1BB85C27E4F7}.Release|x64.Build.0 = Release|Any CPU
		{86474082-A81A-4C0F-A41A-1BB85C27E4F7}.Release|x86.ActiveCfg = Release|Any CPU
		{86474082-A81A-4C0F-A41A-1BB85C27E4F7}.Release|x86.Build.0 = Release|Any CPU
		{8B0DA860-638B-41F9-B088-653C51B6C957}.Debug|Any CPU.ActiveCfg = Debug|Any CPU
		{8B0DA860-638B-41F9-B088-653C51B6C957}.Debug|Any CPU.Build.0 = Debug|Any CPU
		{8B0DA860-638B-41F9-B088-653C51B6C957}.Debug|x64.ActiveCfg = Debug|Any CPU
		{8B0DA860-638B-41F9-B088-653C51B6C957}.Debug|x64.Build.0 = Debug|Any CPU
		{8B0DA860-638B-41F9-B088-653C51B6C957}.Debug|x86.ActiveCfg = Debug|Any CPU
		{8B0DA860-638B-41F9-B088-653C51B6C957}.Debug|x86.Build.0 = Debug|Any CPU
		{8B0DA860-638B-41F9-B088-653C51B6C957}.Release|Any CPU.ActiveCfg = Release|Any CPU
		{8B0DA860-638B-41F9-B088-653C51B6C957}.Release|Any CPU.Build.0 = Release|Any CPU
		{8B0DA860-638B-41F9-B088-653C51B6C957}.Release|x64.ActiveCfg = Release|Any CPU
		{8B0DA860-638B-41F9-B088-653C51B6C957}.Release|x64.Build.0 = Release|Any CPU
		{8B0DA860-638B-41F9-B088-653C51B6C957}.Release|x86.ActiveCfg = Release|Any CPU
		{8B0DA860-638B-41F9-B088-653C51B6C957}.Release|x86.Build.0 = Release|Any CPU
		{495E4BA6-3566-48A5-A8DB-F5A2BE7C5D66}.Debug|Any CPU.ActiveCfg = Debug|Any CPU
		{495E4BA6-3566-48A5-A8DB-F5A2BE7C5D66}.Debug|Any CPU.Build.0 = Debug|Any CPU
		{495E4BA6-3566-48A5-A8DB-F5A2BE7C5D66}.Debug|x64.ActiveCfg = Debug|Any CPU
		{495E4BA6-3566-48A5-A8DB-F5A2BE7C5D66}.Debug|x64.Build.0 = Debug|Any CPU
		{495E4BA6-3566-48A5-A8DB-F5A2BE7C5D66}.Debug|x86.ActiveCfg = Debug|Any CPU
		{495E4BA6-3566-48A5-A8DB-F5A2BE7C5D66}.Debug|x86.Build.0 = Debug|Any CPU
		{495E4BA6-3566-48A5-A8DB-F5A2BE7C5D66}.Release|Any CPU.ActiveCfg = Release|Any CPU
		{495E4BA6-3566-48A5-A8DB-F5A2BE7C5D66}.Release|Any CPU.Build.0 = Release|Any CPU
		{495E4BA6-3566-48A5-A8DB-F5A2BE7C5D66}.Release|x64.ActiveCfg = Release|Any CPU
		{495E4BA6-3566-48A5-A8DB-F5A2BE7C5D66}.Release|x64.Build.0 = Release|Any CPU
		{495E4BA6-3566-48A5-A8DB-F5A2BE7C5D66}.Release|x86.ActiveCfg = Release|Any CPU
		{495E4BA6-3566-48A5-A8DB-F5A2BE7C5D66}.Release|x86.Build.0 = Release|Any CPU
		{4EB64F31-AE0B-4790-B2C0-6D0ABE74DD13}.Debug|Any CPU.ActiveCfg = Debug|Any CPU
		{4EB64F31-AE0B-4790-B2C0-6D0ABE74DD13}.Debug|Any CPU.Build.0 = Debug|Any CPU
		{4EB64F31-AE0B-4790-B2C0-6D0ABE74DD13}.Debug|x64.ActiveCfg = Debug|Any CPU
		{4EB64F31-AE0B-4790-B2C0-6D0ABE74DD13}.Debug|x64.Build.0 = Debug|Any CPU
		{4EB64F31-AE0B-4790-B2C0-6D0ABE74DD13}.Debug|x86.ActiveCfg = Debug|Any CPU
		{4EB64F31-AE0B-4790-B2C0-6D0ABE74DD13}.Debug|x86.Build.0 = Debug|Any CPU
		{4EB64F31-AE0B-4790-B2C0-6D0ABE74DD13}.Release|Any CPU.ActiveCfg = Release|Any CPU
		{4EB64F31-AE0B-4790-B2C0-6D0ABE74DD13}.Release|Any CPU.Build.0 = Release|Any CPU
		{4EB64F31-AE0B-4790-B2C0-6D0ABE74DD13}.Release|x64.ActiveCfg = Release|Any CPU
		{4EB64F31-AE0B-4790-B2C0-6D0ABE74DD13}.Release|x64.Build.0 = Release|Any CPU
		{4EB64F31-AE0B-4790-B2C0-6D0ABE74DD13}.Release|x86.ActiveCfg = Release|Any CPU
		{4EB64F31-AE0B-4790-B2C0-6D0ABE74DD13}.Release|x86.Build.0 = Release|Any CPU
		{43A1B211-6B54-4F53-9ACF-778AADBA303F}.Debug|Any CPU.ActiveCfg = Debug|Any CPU
		{43A1B211-6B54-4F53-9ACF-778AADBA303F}.Debug|Any CPU.Build.0 = Debug|Any CPU
		{43A1B211-6B54-4F53-9ACF-778AADBA303F}.Debug|x64.ActiveCfg = Debug|Any CPU
		{43A1B211-6B54-4F53-9ACF-778AADBA303F}.Debug|x64.Build.0 = Debug|Any CPU
		{43A1B211-6B54-4F53-9ACF-778AADBA303F}.Debug|x86.ActiveCfg = Debug|Any CPU
		{43A1B211-6B54-4F53-9ACF-778AADBA303F}.Debug|x86.Build.0 = Debug|Any CPU
		{43A1B211-6B54-4F53-9ACF-778AADBA303F}.Release|Any CPU.ActiveCfg = Release|Any CPU
		{43A1B211-6B54-4F53-9ACF-778AADBA303F}.Release|Any CPU.Build.0 = Release|Any CPU
		{43A1B211-6B54-4F53-9ACF-778AADBA303F}.Release|x64.ActiveCfg = Release|Any CPU
		{43A1B211-6B54-4F53-9ACF-778AADBA303F}.Release|x64.Build.0 = Release|Any CPU
		{43A1B211-6B54-4F53-9ACF-778AADBA303F}.Release|x86.ActiveCfg = Release|Any CPU
		{43A1B211-6B54-4F53-9ACF-778AADBA303F}.Release|x86.Build.0 = Release|Any CPU
		{907FAAC5-0B34-4523-80AC-38B01583B4A4}.Debug|Any CPU.ActiveCfg = Debug|Any CPU
		{907FAAC5-0B34-4523-80AC-38B01583B4A4}.Debug|Any CPU.Build.0 = Debug|Any CPU
		{907FAAC5-0B34-4523-80AC-38B01583B4A4}.Debug|x64.ActiveCfg = Debug|Any CPU
		{907FAAC5-0B34-4523-80AC-38B01583B4A4}.Debug|x64.Build.0 = Debug|Any CPU
		{907FAAC5-0B34-4523-80AC-38B01583B4A4}.Debug|x86.ActiveCfg = Debug|Any CPU
		{907FAAC5-0B34-4523-80AC-38B01583B4A4}.Debug|x86.Build.0 = Debug|Any CPU
		{907FAAC5-0B34-4523-80AC-38B01583B4A4}.Release|Any CPU.ActiveCfg = Release|Any CPU
		{907FAAC5-0B34-4523-80AC-38B01583B4A4}.Release|Any CPU.Build.0 = Release|Any CPU
		{907FAAC5-0B34-4523-80AC-38B01583B4A4}.Release|x64.ActiveCfg = Release|Any CPU
		{907FAAC5-0B34-4523-80AC-38B01583B4A4}.Release|x64.Build.0 = Release|Any CPU
		{907FAAC5-0B34-4523-80AC-38B01583B4A4}.Release|x86.ActiveCfg = Release|Any CPU
		{907FAAC5-0B34-4523-80AC-38B01583B4A4}.Release|x86.Build.0 = Release|Any CPU
		{8D85ED74-EF9F-4B22-94AE-1F18A050FF03}.Debug|Any CPU.ActiveCfg = Debug|Any CPU
		{8D85ED74-EF9F-4B22-94AE-1F18A050FF03}.Debug|Any CPU.Build.0 = Debug|Any CPU
		{8D85ED74-EF9F-4B22-94AE-1F18A050FF03}.Debug|x64.ActiveCfg = Debug|Any CPU
		{8D85ED74-EF9F-4B22-94AE-1F18A050FF03}.Debug|x64.Build.0 = Debug|Any CPU
		{8D85ED74-EF9F-4B22-94AE-1F18A050FF03}.Debug|x86.ActiveCfg = Debug|Any CPU
		{8D85ED74-EF9F-4B22-94AE-1F18A050FF03}.Debug|x86.Build.0 = Debug|Any CPU
		{8D85ED74-EF9F-4B22-94AE-1F18A050FF03}.Release|Any CPU.ActiveCfg = Release|Any CPU
		{8D85ED74-EF9F-4B22-94AE-1F18A050FF03}.Release|Any CPU.Build.0 = Release|Any CPU
		{8D85ED74-EF9F-4B22-94AE-1F18A050FF03}.Release|x64.ActiveCfg = Release|Any CPU
		{8D85ED74-EF9F-4B22-94AE-1F18A050FF03}.Release|x64.Build.0 = Release|Any CPU
		{8D85ED74-EF9F-4B22-94AE-1F18A050FF03}.Release|x86.ActiveCfg = Release|Any CPU
		{8D85ED74-EF9F-4B22-94AE-1F18A050FF03}.Release|x86.Build.0 = Release|Any CPU
		{E3DD2956-11D2-497D-9A7C-92702AB77862}.Debug|Any CPU.ActiveCfg = Debug|Any CPU
		{E3DD2956-11D2-497D-9A7C-92702AB77862}.Debug|Any CPU.Build.0 = Debug|Any CPU
		{E3DD2956-11D2-497D-9A7C-92702AB77862}.Debug|x64.ActiveCfg = Debug|Any CPU
		{E3DD2956-11D2-497D-9A7C-92702AB77862}.Debug|x64.Build.0 = Debug|Any CPU
		{E3DD2956-11D2-497D-9A7C-92702AB77862}.Debug|x86.ActiveCfg = Debug|Any CPU
		{E3DD2956-11D2-497D-9A7C-92702AB77862}.Debug|x86.Build.0 = Debug|Any CPU
		{E3DD2956-11D2-497D-9A7C-92702AB77862}.Release|Any CPU.ActiveCfg = Release|Any CPU
		{E3DD2956-11D2-497D-9A7C-92702AB77862}.Release|Any CPU.Build.0 = Release|Any CPU
		{E3DD2956-11D2-497D-9A7C-92702AB77862}.Release|x64.ActiveCfg = Release|Any CPU
		{E3DD2956-11D2-497D-9A7C-92702AB77862}.Release|x64.Build.0 = Release|Any CPU
		{E3DD2956-11D2-497D-9A7C-92702AB77862}.Release|x86.ActiveCfg = Release|Any CPU
		{E3DD2956-11D2-497D-9A7C-92702AB77862}.Release|x86.Build.0 = Release|Any CPU
		{709550F8-235C-42BD-A8BB-F0C6BB027E66}.Debug|Any CPU.ActiveCfg = Debug|Any CPU
		{709550F8-235C-42BD-A8BB-F0C6BB027E66}.Debug|Any CPU.Build.0 = Debug|Any CPU
		{709550F8-235C-42BD-A8BB-F0C6BB027E66}.Debug|x64.ActiveCfg = Debug|Any CPU
		{709550F8-235C-42BD-A8BB-F0C6BB027E66}.Debug|x64.Build.0 = Debug|Any CPU
		{709550F8-235C-42BD-A8BB-F0C6BB027E66}.Debug|x86.ActiveCfg = Debug|Any CPU
		{709550F8-235C-42BD-A8BB-F0C6BB027E66}.Debug|x86.Build.0 = Debug|Any CPU
		{709550F8-235C-42BD-A8BB-F0C6BB027E66}.Release|Any CPU.ActiveCfg = Release|Any CPU
		{709550F8-235C-42BD-A8BB-F0C6BB027E66}.Release|Any CPU.Build.0 = Release|Any CPU
		{709550F8-235C-42BD-A8BB-F0C6BB027E66}.Release|x64.ActiveCfg = Release|Any CPU
		{709550F8-235C-42BD-A8BB-F0C6BB027E66}.Release|x64.Build.0 = Release|Any CPU
		{709550F8-235C-42BD-A8BB-F0C6BB027E66}.Release|x86.ActiveCfg = Release|Any CPU
		{709550F8-235C-42BD-A8BB-F0C6BB027E66}.Release|x86.Build.0 = Release|Any CPU
		{CFF753B9-7640-4619-8E74-322752429338}.Debug|Any CPU.ActiveCfg = Debug|Any CPU
		{CFF753B9-7640-4619-8E74-322752429338}.Debug|Any CPU.Build.0 = Debug|Any CPU
		{CFF753B9-7640-4619-8E74-322752429338}.Debug|x64.ActiveCfg = Debug|Any CPU
		{CFF753B9-7640-4619-8E74-322752429338}.Debug|x64.Build.0 = Debug|Any CPU
		{CFF753B9-7640-4619-8E74-322752429338}.Debug|x86.ActiveCfg = Debug|Any CPU
		{CFF753B9-7640-4619-8E74-322752429338}.Debug|x86.Build.0 = Debug|Any CPU
		{CFF753B9-7640-4619-8E74-322752429338}.Release|Any CPU.ActiveCfg = Release|Any CPU
		{CFF753B9-7640-4619-8E74-322752429338}.Release|Any CPU.Build.0 = Release|Any CPU
		{CFF753B9-7640-4619-8E74-322752429338}.Release|x64.ActiveCfg = Release|Any CPU
		{CFF753B9-7640-4619-8E74-322752429338}.Release|x64.Build.0 = Release|Any CPU
		{CFF753B9-7640-4619-8E74-322752429338}.Release|x86.ActiveCfg = Release|Any CPU
		{CFF753B9-7640-4619-8E74-322752429338}.Release|x86.Build.0 = Release|Any CPU
	EndGlobalSection
	GlobalSection(SolutionProperties) = preSolution
		HideSolutionNode = FALSE
	EndGlobalSection
	GlobalSection(NestedProjects) = preSolution
		{823415C3-0DB0-4139-92CE-53FC68F2C998} = {827E0CD3-B72D-47B6-A68D-7590B98EB39B}
		{418C1075-75A2-43A1-9D94-17F04B9089CA} = {827E0CD3-B72D-47B6-A68D-7590B98EB39B}
		{7B818BD9-C4B8-4507-B651-30E66D7A6A6D} = {827E0CD3-B72D-47B6-A68D-7590B98EB39B}
		{C8707425-E64F-4068-8C54-41D76DC4F37D} = {827E0CD3-B72D-47B6-A68D-7590B98EB39B}
		{EE236E06-94CA-4DCB-A449-31C11BA1F172} = {827E0CD3-B72D-47B6-A68D-7590B98EB39B}
		{FE385441-5675-490B-85C6-5B94623FACE2} = {827E0CD3-B72D-47B6-A68D-7590B98EB39B}
		{7FA100E0-5EA4-4E6E-8B83-063F0B2B133B} = {827E0CD3-B72D-47B6-A68D-7590B98EB39B}
		{9FDFFBAB-A223-40BE-9880-77327A8D7FDE} = {827E0CD3-B72D-47B6-A68D-7590B98EB39B}
		{D6DA8755-2CE8-4BDF-A23C-EFA3E140AC96} = {5D20AA90-6969-D8BD-9DCD-8634F4692FDA}
		{40653D57-5D4D-4898-B1F2-FD03C6EC9370} = {5D20AA90-6969-D8BD-9DCD-8634F4692FDA}
		{41DC7047-9797-4617-8630-3B654275E389} = {5D20AA90-6969-D8BD-9DCD-8634F4692FDA}
		{06D3C777-75C5-422B-BC17-11FE0DA01CED} = {5D20AA90-6969-D8BD-9DCD-8634F4692FDA}
		{86474082-A81A-4C0F-A41A-1BB85C27E4F7} = {0AB3BF05-4346-4AA6-1389-037BE0695223}
		{8B0DA860-638B-41F9-B088-653C51B6C957} = {0AB3BF05-4346-4AA6-1389-037BE0695223}
		{495E4BA6-3566-48A5-A8DB-F5A2BE7C5D66} = {0AB3BF05-4346-4AA6-1389-037BE0695223}
		{4EB64F31-AE0B-4790-B2C0-6D0ABE74DD13} = {0AB3BF05-4346-4AA6-1389-037BE0695223}
		{43A1B211-6B54-4F53-9ACF-778AADBA303F} = {0AB3BF05-4346-4AA6-1389-037BE0695223}
		{907FAAC5-0B34-4523-80AC-38B01583B4A4} = {0AB3BF05-4346-4AA6-1389-037BE0695223}
		{8D85ED74-EF9F-4B22-94AE-1F18A050FF03} = {0AB3BF05-4346-4AA6-1389-037BE0695223}
		{E3DD2956-11D2-497D-9A7C-92702AB77862} = {0AB3BF05-4346-4AA6-1389-037BE0695223}
		{709550F8-235C-42BD-A8BB-F0C6BB027E66} = {07C2787E-EAC7-C090-1BA3-A61EC2A24D84}
		{CFF753B9-7640-4619-8E74-322752429338} = {5D20AA90-6969-D8BD-9DCD-8634F4692FDA}
	EndGlobalSection
EndGlobal
