
Microsoft Visual Studio Solution File, Format Version 12.00
# Visual Studio Version 17
VisualStudioVersion = 17.0.31903.59
MinimumVisualStudioVersion = 10.0.40219.1
Project("{2150E333-8FDC-42A3-9474-1A3956D46DE8}") = "src", "src", "{827E0CD3-B72D-47B6-A68D-7590B98EB39B}"
EndProject
Project("{FAE04EC0-301F-11D3-BF4B-00C04F79EFBC}") = "GraviFrame", "src\GraviFrame\GraviFrame.csproj", "{4DFB1C19-68C8-4A70-A905-10ABCB5AF20B}"
EndProject
Project("{FAE04EC0-301F-11D3-BF4B-00C04F79EFBC}") = "GraviNum", "src\GraviNum\GraviNum.csproj", "{E1E39D26-7066-45F4-9DD7-AEC0A1267A63}"
EndProject
Project("{FAE04EC0-301F-11D3-BF4B-00C04F79EFBC}") = "GraviGraph", "src\GraviGraph\GraviGraph.csproj", "{577CD828-EFF4-44D3-ABB8-F2C8A5776383}"
EndProject
Project("{FAE04EC0-301F-11D3-BF4B-00C04F79EFBC}") = "GraviLearn", "src\GraviLearn\GraviLearn.csproj", "{F9244A14-B40D-4AE6-B872-5262505B4A26}"
EndProject
Project("{FAE04EC0-301F-11D3-BF4B-00C04F79EFBC}") = "GraviProb", "src\GraviProb\GraviProb.csproj", "{60D7418A-B749-47AF-B361-7A7F61AA8085}"
EndProject
Project("{FAE04EC0-301F-11D3-BF4B-00C04F79EFBC}") = "GraviText", "src\GraviText\GraviText.csproj", "{77D4459A-FF8D-415F-87D8-DA81B9E2915C}"
EndProject
Project("{2150E333-8FDC-42A3-9474-1A3956D46DE8}") = "samples", "samples", "{5D20AA90-6969-D8BD-9DCD-8634F4692FDA}"
EndProject
Project("{FAE04EC0-301F-11D3-BF4B-00C04F79EFBC}") = "GraviFrame.Console", "samples\GraviFrame.Console\GraviFrame.Console.csproj", "{54BEF0AB-6413-4506-896D-6512063E258F}"
EndProject
Project("{FAE04EC0-301F-11D3-BF4B-00C04F79EFBC}") = "GraviGraph.Console", "samples\GraviGraph.Console\GraviGraph.Console.csproj", "{108F666C-0FFA-4F7D-916E-9170A56C1FD2}"
EndProject
Project("{FAE04EC0-301F-11D3-BF4B-00C04F79EFBC}") = "GraviLearn.Console", "samples\GraviLearn.Console\GraviLearn.Console.csproj", "{4561BA31-3A67-4EC0-94CE-F07A9C2A38FD}"
EndProject
Project("{FAE04EC0-301F-11D3-BF4B-00C04F79EFBC}") = "GraviNum.Console", "samples\GraviNum.Console\GraviNum.Console.csproj", "{E050C765-D029-4F51-8F61-A21B31B0D1E9}"
EndProject
Project("{FAE04EC0-301F-11D3-BF4B-00C04F79EFBC}") = "GraviProb.Console", "samples\GraviProb.Console\GraviProb.Console.csproj", "{8D3A8789-AD3E-482C-BB78-11A356EE1C20}"
EndProject
Project("{FAE04EC0-301F-11D3-BF4B-00C04F79EFBC}") = "GraviText.Console", "samples\GraviText.Console\GraviText.Console.csproj", "{64FC6B78-CC2C-4356-9475-1B9D4C8F19FE}"
EndProject
Project("{2150E333-8FDC-42A3-9474-1A3956D46DE8}") = "benchmarks", "benchmarks", "{66320409-64EC-F7C5-3DEF-65E7510DAAD1}"
EndProject
Project("{FAE04EC0-301F-11D3-BF4B-00C04F79EFBC}") = "GraviFrame.Benchmark", "benchmarks\GraviFrame.Benchmark\GraviFrame.Benchmark.csproj", "{B2E3EEB6-6156-4143-B26A-9E5C89913763}"
EndProject
Project("{FAE04EC0-301F-11D3-BF4B-00C04F79EFBC}") = "GraviGraph.Benchmark", "benchmarks\GraviGraph.Benchmark\GraviGraph.Benchmark.csproj", "{F1B2314D-6FE0-454D-B204-B2380D9550BF}"
EndProject
Project("{FAE04EC0-301F-11D3-BF4B-00C04F79EFBC}") = "GraviLearn.Benchmark", "benchmarks\GraviLearn.Benchmark\GraviLearn.Benchmark.csproj", "{112DCF42-2E64-437E-B3A5-27B59474D23A}"
EndProject
Project("{FAE04EC0-301F-11D3-BF4B-00C04F79EFBC}") = "GraviNum.Benchmark", "benchmarks\GraviNum.Benchmark\GraviNum.Benchmark.csproj", "{5047F9D9-AFAA-4FCA-A01B-E6898B36FD92}"
EndProject
Project("{FAE04EC0-301F-11D3-BF4B-00C04F79EFBC}") = "GraviProb.Benchmark", "benchmarks\GraviProb.Benchmark\GraviProb.Benchmark.csproj", "{2C254CBE-BFB7-4884-BC37-F7A6CFAED9A3}"
EndProject
Project("{FAE04EC0-301F-11D3-BF4B-00C04F79EFBC}") = "GraviText.Benchmark", "benchmarks\GraviText.Benchmark\GraviText.Benchmark.csproj", "{7810632A-D1D2-4E53-ABF4-B4463C49485D}"
EndProject
Project("{2150E333-8FDC-42A3-9474-1A3956D46DE8}") = "tests", "tests", "{0AB3BF05-4346-4AA6-1389-037BE0695223}"
EndProject
Project("{FAE04EC0-301F-11D3-BF4B-00C04F79EFBC}") = "GraviFrame.Tests", "tests\GraviFrame.Tests\GraviFrame.Tests.csproj", "{5A176B3A-DF06-4D25-8353-A342D8587930}"
EndProject
Project("{FAE04EC0-301F-11D3-BF4B-00C04F79EFBC}") = "GraviGraph.Tests", "tests\GraviGraph.Tests\GraviGraph.Tests.csproj", "{4D2A6F16-BF98-4CAA-8F61-FBB244EB9C27}"
EndProject
Project("{FAE04EC0-301F-11D3-BF4B-00C04F79EFBC}") = "GraviLearn.Tests", "tests\GraviLearn.Tests\GraviLearn.Tests.csproj", "{C6070549-04A8-4094-8FD5-CFAA7519D4F7}"
EndProject
Project("{FAE04EC0-301F-11D3-BF4B-00C04F79EFBC}") = "GraviNum.Tests", "tests\GraviNum.Tests\GraviNum.Tests.csproj", "{4CAC1FF1-5CC6-44CC-97FE-945CCE35D036}"
EndProject
Project("{FAE04EC0-301F-11D3-BF4B-00C04F79EFBC}") = "GraviProb.Tests", "tests\GraviProb.Tests\GraviProb.Tests.csproj", "{71E770BB-CF25-4189-8418-BF2BBA511AC1}"
EndProject
Project("{FAE04EC0-301F-11D3-BF4B-00C04F79EFBC}") = "GraviText.Tests", "tests\GraviText.Tests\GraviText.Tests.csproj", "{135AF48F-25CE-433E-BD90-225547F5A7D0}"
EndProject
Global
	GlobalSection(SolutionConfigurationPlatforms) = preSolution
		Debug|Any CPU = Debug|Any CPU
		Debug|x64 = Debug|x64
		Debug|x86 = Debug|x86
		Release|Any CPU = Release|Any CPU
		Release|x64 = Release|x64
		Release|x86 = Release|x86
	EndGlobalSection
	GlobalSection(ProjectConfigurationPlatforms) = postSolution
		{4DFB1C19-68C8-4A70-A905-10ABCB5AF20B}.Debug|Any CPU.ActiveCfg = Debug|Any CPU
		{4DFB1C19-68C8-4A70-A905-10ABCB5AF20B}.Debug|Any CPU.Build.0 = Debug|Any CPU
		{4DFB1C19-68C8-4A70-A905-10ABCB5AF20B}.Debug|x64.ActiveCfg = Debug|Any CPU
		{4DFB1C19-68C8-4A70-A905-10ABCB5AF20B}.Debug|x64.Build.0 = Debug|Any CPU
		{4DFB1C19-68C8-4A70-A905-10ABCB5AF20B}.Debug|x86.ActiveCfg = Debug|Any CPU
		{4DFB1C19-68C8-4A70-A905-10ABCB5AF20B}.Debug|x86.Build.0 = Debug|Any CPU
		{4DFB1C19-68C8-4A70-A905-10ABCB5AF20B}.Release|Any CPU.ActiveCfg = Release|Any CPU
		{4DFB1C19-68C8-4A70-A905-10ABCB5AF20B}.Release|Any CPU.Build.0 = Release|Any CPU
		{4DFB1C19-68C8-4A70-A905-10ABCB5AF20B}.Release|x64.ActiveCfg = Release|Any CPU
		{4DFB1C19-68C8-4A70-A905-10ABCB5AF20B}.Release|x64.Build.0 = Release|Any CPU
		{4DFB1C19-68C8-4A70-A905-10ABCB5AF20B}.Release|x86.ActiveCfg = Release|Any CPU
		{4DFB1C19-68C8-4A70-A905-10ABCB5AF20B}.Release|x86.Build.0 = Release|Any CPU
		{E1E39D26-7066-45F4-9DD7-AEC0A1267A63}.Debug|Any CPU.ActiveCfg = Debug|Any CPU
		{E1E39D26-7066-45F4-9DD7-AEC0A1267A63}.Debug|Any CPU.Build.0 = Debug|Any CPU
		{E1E39D26-7066-45F4-9DD7-AEC0A1267A63}.Debug|x64.ActiveCfg = Debug|Any CPU
		{E1E39D26-7066-45F4-9DD7-AEC0A1267A63}.Debug|x64.Build.0 = Debug|Any CPU
		{E1E39D26-7066-45F4-9DD7-AEC0A1267A63}.Debug|x86.ActiveCfg = Debug|Any CPU
		{E1E39D26-7066-45F4-9DD7-AEC0A1267A63}.Debug|x86.Build.0 = Debug|Any CPU
		{E1E39D26-7066-45F4-9DD7-AEC0A1267A63}.Release|Any CPU.ActiveCfg = Release|Any CPU
		{E1E39D26-7066-45F4-9DD7-AEC0A1267A63}.Release|Any CPU.Build.0 = Release|Any CPU
		{E1E39D26-7066-45F4-9DD7-AEC0A1267A63}.Release|x64.ActiveCfg = Release|Any CPU
		{E1E39D26-7066-45F4-9DD7-AEC0A1267A63}.Release|x64.Build.0 = Release|Any CPU
		{E1E39D26-7066-45F4-9DD7-AEC0A1267A63}.Release|x86.ActiveCfg = Release|Any CPU
		{E1E39D26-7066-45F4-9DD7-AEC0A1267A63}.Release|x86.Build.0 = Release|Any CPU
		{577CD828-EFF4-44D3-ABB8-F2C8A5776383}.Debug|Any CPU.ActiveCfg = Debug|Any CPU
		{577CD828-EFF4-44D3-ABB8-F2C8A5776383}.Debug|Any CPU.Build.0 = Debug|Any CPU
		{577CD828-EFF4-44D3-ABB8-F2C8A5776383}.Debug|x64.ActiveCfg = Debug|Any CPU
		{577CD828-EFF4-44D3-ABB8-F2C8A5776383}.Debug|x64.Build.0 = Debug|Any CPU
		{577CD828-EFF4-44D3-ABB8-F2C8A5776383}.Debug|x86.ActiveCfg = Debug|Any CPU
		{577CD828-EFF4-44D3-ABB8-F2C8A5776383}.Debug|x86.Build.0 = Debug|Any CPU
		{577CD828-EFF4-44D3-ABB8-F2C8A5776383}.Release|Any CPU.ActiveCfg = Release|Any CPU
		{577CD828-EFF4-44D3-ABB8-F2C8A5776383}.Release|Any CPU.Build.0 = Release|Any CPU
		{577CD828-EFF4-44D3-ABB8-F2C8A5776383}.Release|x64.ActiveCfg = Release|Any CPU
		{577CD828-EFF4-44D3-ABB8-F2C8A5776383}.Release|x64.Build.0 = Release|Any CPU
		{577CD828-EFF4-44D3-ABB8-F2C8A5776383}.Release|x86.ActiveCfg = Release|Any CPU
		{577CD828-EFF4-44D3-ABB8-F2C8A5776383}.Release|x86.Build.0 = Release|Any CPU
		{F9244A14-B40D-4AE6-B872-5262505B4A26}.Debug|Any CPU.ActiveCfg = Debug|Any CPU
		{F9244A14-B40D-4AE6-B872-5262505B4A26}.Debug|Any CPU.Build.0 = Debug|Any CPU
		{F9244A14-B40D-4AE6-B872-5262505B4A26}.Debug|x64.ActiveCfg = Debug|Any CPU
		{F9244A14-B40D-4AE6-B872-5262505B4A26}.Debug|x64.Build.0 = Debug|Any CPU
		{F9244A14-B40D-4AE6-B872-5262505B4A26}.Debug|x86.ActiveCfg = Debug|Any CPU
		{F9244A14-B40D-4AE6-B872-5262505B4A26}.Debug|x86.Build.0 = Debug|Any CPU
		{F9244A14-B40D-4AE6-B872-5262505B4A26}.Release|Any CPU.ActiveCfg = Release|Any CPU
		{F9244A14-B40D-4AE6-B872-5262505B4A26}.Release|Any CPU.Build.0 = Release|Any CPU
		{F9244A14-B40D-4AE6-B872-5262505B4A26}.Release|x64.ActiveCfg = Release|Any CPU
		{F9244A14-B40D-4AE6-B872-5262505B4A26}.Release|x64.Build.0 = Release|Any CPU
		{F9244A14-B40D-4AE6-B872-5262505B4A26}.Release|x86.ActiveCfg = Release|Any CPU
		{F9244A14-B40D-4AE6-B872-5262505B4A26}.Release|x86.Build.0 = Release|Any CPU
		{60D7418A-B749-47AF-B361-7A7F61AA8085}.Debug|Any CPU.ActiveCfg = Debug|Any CPU
		{60D7418A-B749-47AF-B361-7A7F61AA8085}.Debug|Any CPU.Build.0 = Debug|Any CPU
		{60D7418A-B749-47AF-B361-7A7F61AA8085}.Debug|x64.ActiveCfg = Debug|Any CPU
		{60D7418A-B749-47AF-B361-7A7F61AA8085}.Debug|x64.Build.0 = Debug|Any CPU
		{60D7418A-B749-47AF-B361-7A7F61AA8085}.Debug|x86.ActiveCfg = Debug|Any CPU
		{60D7418A-B749-47AF-B361-7A7F61AA8085}.Debug|x86.Build.0 = Debug|Any CPU
		{60D7418A-B749-47AF-B361-7A7F61AA8085}.Release|Any CPU.ActiveCfg = Release|Any CPU
		{60D7418A-B749-47AF-B361-7A7F61AA8085}.Release|Any CPU.Build.0 = Release|Any CPU
		{60D7418A-B749-47AF-B361-7A7F61AA8085}.Release|x64.ActiveCfg = Release|Any CPU
		{60D7418A-B749-47AF-B361-7A7F61AA8085}.Release|x64.Build.0 = Release|Any CPU
		{60D7418A-B749-47AF-B361-7A7F61AA8085}.Release|x86.ActiveCfg = Release|Any CPU
		{60D7418A-B749-47AF-B361-7A7F61AA8085}.Release|x86.Build.0 = Release|Any CPU
		{77D4459A-FF8D-415F-87D8-DA81B9E2915C}.Debug|Any CPU.ActiveCfg = Debug|Any CPU
		{77D4459A-FF8D-415F-87D8-DA81B9E2915C}.Debug|Any CPU.Build.0 = Debug|Any CPU
		{77D4459A-FF8D-415F-87D8-DA81B9E2915C}.Debug|x64.ActiveCfg = Debug|Any CPU
		{77D4459A-FF8D-415F-87D8-DA81B9E2915C}.Debug|x64.Build.0 = Debug|Any CPU
		{77D4459A-FF8D-415F-87D8-DA81B9E2915C}.Debug|x86.ActiveCfg = Debug|Any CPU
		{77D4459A-FF8D-415F-87D8-DA81B9E2915C}.Debug|x86.Build.0 = Debug|Any CPU
		{77D4459A-FF8D-415F-87D8-DA81B9E2915C}.Release|Any CPU.ActiveCfg = Release|Any CPU
		{77D4459A-FF8D-415F-87D8-DA81B9E2915C}.Release|Any CPU.Build.0 = Release|Any CPU
		{77D4459A-FF8D-415F-87D8-DA81B9E2915C}.Release|x64.ActiveCfg = Release|Any CPU
		{77D4459A-FF8D-415F-87D8-DA81B9E2915C}.Release|x64.Build.0 = Release|Any CPU
		{77D4459A-FF8D-415F-87D8-DA81B9E2915C}.Release|x86.ActiveCfg = Release|Any CPU
		{77D4459A-FF8D-415F-87D8-DA81B9E2915C}.Release|x86.Build.0 = Release|Any CPU
		{54BEF0AB-6413-4506-896D-6512063E258F}.Debug|Any CPU.ActiveCfg = Debug|Any CPU
		{54BEF0AB-6413-4506-896D-6512063E258F}.Debug|Any CPU.Build.0 = Debug|Any CPU
		{54BEF0AB-6413-4506-896D-6512063E258F}.Debug|x64.ActiveCfg = Debug|Any CPU
		{54BEF0AB-6413-4506-896D-6512063E258F}.Debug|x64.Build.0 = Debug|Any CPU
		{54BEF0AB-6413-4506-896D-6512063E258F}.Debug|x86.ActiveCfg = Debug|Any CPU
		{54BEF0AB-6413-4506-896D-6512063E258F}.Debug|x86.Build.0 = Debug|Any CPU
		{54BEF0AB-6413-4506-896D-6512063E258F}.Release|Any CPU.ActiveCfg = Release|Any CPU
		{54BEF0AB-6413-4506-896D-6512063E258F}.Release|Any CPU.Build.0 = Release|Any CPU
		{54BEF0AB-6413-4506-896D-6512063E258F}.Release|x64.ActiveCfg = Release|Any CPU
		{54BEF0AB-6413-4506-896D-6512063E258F}.Release|x64.Build.0 = Release|Any CPU
		{54BEF0AB-6413-4506-896D-6512063E258F}.Release|x86.ActiveCfg = Release|Any CPU
		{54BEF0AB-6413-4506-896D-6512063E258F}.Release|x86.Build.0 = Release|Any CPU
		{108F666C-0FFA-4F7D-916E-9170A56C1FD2}.Debug|Any CPU.ActiveCfg = Debug|Any CPU
		{108F666C-0FFA-4F7D-916E-9170A56C1FD2}.Debug|Any CPU.Build.0 = Debug|Any CPU
		{108F666C-0FFA-4F7D-916E-9170A56C1FD2}.Debug|x64.ActiveCfg = Debug|Any CPU
		{108F666C-0FFA-4F7D-916E-9170A56C1FD2}.Debug|x64.Build.0 = Debug|Any CPU
		{108F666C-0FFA-4F7D-916E-9170A56C1FD2}.Debug|x86.ActiveCfg = Debug|Any CPU
		{108F666C-0FFA-4F7D-916E-9170A56C1FD2}.Debug|x86.Build.0 = Debug|Any CPU
		{108F666C-0FFA-4F7D-916E-9170A56C1FD2}.Release|Any CPU.ActiveCfg = Release|Any CPU
		{108F666C-0FFA-4F7D-916E-9170A56C1FD2}.Release|Any CPU.Build.0 = Release|Any CPU
		{108F666C-0FFA-4F7D-916E-9170A56C1FD2}.Release|x64.ActiveCfg = Release|Any CPU
		{108F666C-0FFA-4F7D-916E-9170A56C1FD2}.Release|x64.Build.0 = Release|Any CPU
		{108F666C-0FFA-4F7D-916E-9170A56C1FD2}.Release|x86.ActiveCfg = Release|Any CPU
		{108F666C-0FFA-4F7D-916E-9170A56C1FD2}.Release|x86.Build.0 = Release|Any CPU
		{4561BA31-3A67-4EC0-94CE-F07A9C2A38FD}.Debug|Any CPU.ActiveCfg = Debug|Any CPU
		{4561BA31-3A67-4EC0-94CE-F07A9C2A38FD}.Debug|Any CPU.Build.0 = Debug|Any CPU
		{4561BA31-3A67-4EC0-94CE-F07A9C2A38FD}.Debug|x64.ActiveCfg = Debug|Any CPU
		{4561BA31-3A67-4EC0-94CE-F07A9C2A38FD}.Debug|x64.Build.0 = Debug|Any CPU
		{4561BA31-3A67-4EC0-94CE-F07A9C2A38FD}.Debug|x86.ActiveCfg = Debug|Any CPU
		{4561BA31-3A67-4EC0-94CE-F07A9C2A38FD}.Debug|x86.Build.0 = Debug|Any CPU
		{4561BA31-3A67-4EC0-94CE-F07A9C2A38FD}.Release|Any CPU.ActiveCfg = Release|Any CPU
		{4561BA31-3A67-4EC0-94CE-F07A9C2A38FD}.Release|Any CPU.Build.0 = Release|Any CPU
		{4561BA31-3A67-4EC0-94CE-F07A9C2A38FD}.Release|x64.ActiveCfg = Release|Any CPU
		{4561BA31-3A67-4EC0-94CE-F07A9C2A38FD}.Release|x64.Build.0 = Release|Any CPU
		{4561BA31-3A67-4EC0-94CE-F07A9C2A38FD}.Release|x86.ActiveCfg = Release|Any CPU
		{4561BA31-3A67-4EC0-94CE-F07A9C2A38FD}.Release|x86.Build.0 = Release|Any CPU
		{E050C765-D029-4F51-8F61-A21B31B0D1E9}.Debug|Any CPU.ActiveCfg = Debug|Any CPU
		{E050C765-D029-4F51-8F61-A21B31B0D1E9}.Debug|Any CPU.Build.0 = Debug|Any CPU
		{E050C765-D029-4F51-8F61-A21B31B0D1E9}.Debug|x64.ActiveCfg = Debug|Any CPU
		{E050C765-D029-4F51-8F61-A21B31B0D1E9}.Debug|x64.Build.0 = Debug|Any CPU
		{E050C765-D029-4F51-8F61-A21B31B0D1E9}.Debug|x86.ActiveCfg = Debug|Any CPU
		{E050C765-D029-4F51-8F61-A21B31B0D1E9}.Debug|x86.Build.0 = Debug|Any CPU
		{E050C765-D029-4F51-8F61-A21B31B0D1E9}.Release|Any CPU.ActiveCfg = Release|Any CPU
		{E050C765-D029-4F51-8F61-A21B31B0D1E9}.Release|Any CPU.Build.0 = Release|Any CPU
		{E050C765-D029-4F51-8F61-A21B31B0D1E9}.Release|x64.ActiveCfg = Release|Any CPU
		{E050C765-D029-4F51-8F61-A21B31B0D1E9}.Release|x64.Build.0 = Release|Any CPU
		{E050C765-D029-4F51-8F61-A21B31B0D1E9}.Release|x86.ActiveCfg = Release|Any CPU
		{E050C765-D029-4F51-8F61-A21B31B0D1E9}.Release|x86.Build.0 = Release|Any CPU
		{8D3A8789-AD3E-482C-BB78-11A356EE1C20}.Debug|Any CPU.ActiveCfg = Debug|Any CPU
		{8D3A8789-AD3E-482C-BB78-11A356EE1C20}.Debug|Any CPU.Build.0 = Debug|Any CPU
		{8D3A8789-AD3E-482C-BB78-11A356EE1C20}.Debug|x64.ActiveCfg = Debug|Any CPU
		{8D3A8789-AD3E-482C-BB78-11A356EE1C20}.Debug|x64.Build.0 = Debug|Any CPU
		{8D3A8789-AD3E-482C-BB78-11A356EE1C20}.Debug|x86.ActiveCfg = Debug|Any CPU
		{8D3A8789-AD3E-482C-BB78-11A356EE1C20}.Debug|x86.Build.0 = Debug|Any CPU
		{8D3A8789-AD3E-482C-BB78-11A356EE1C20}.Release|Any CPU.ActiveCfg = Release|Any CPU
		{8D3A8789-AD3E-482C-BB78-11A356EE1C20}.Release|Any CPU.Build.0 = Release|Any CPU
		{8D3A8789-AD3E-482C-BB78-11A356EE1C20}.Release|x64.ActiveCfg = Release|Any CPU
		{8D3A8789-AD3E-482C-BB78-11A356EE1C20}.Release|x64.Build.0 = Release|Any CPU
		{8D3A8789-AD3E-482C-BB78-11A356EE1C20}.Release|x86.ActiveCfg = Release|Any CPU
		{8D3A8789-AD3E-482C-BB78-11A356EE1C20}.Release|x86.Build.0 = Release|Any CPU
		{64FC6B78-CC2C-4356-9475-1B9D4C8F19FE}.Debug|Any CPU.ActiveCfg = Debug|Any CPU
		{64FC6B78-CC2C-4356-9475-1B9D4C8F19FE}.Debug|Any CPU.Build.0 = Debug|Any CPU
		{64FC6B78-CC2C-4356-9475-1B9D4C8F19FE}.Debug|x64.ActiveCfg = Debug|Any CPU
		{64FC6B78-CC2C-4356-9475-1B9D4C8F19FE}.Debug|x64.Build.0 = Debug|Any CPU
		{64FC6B78-CC2C-4356-9475-1B9D4C8F19FE}.Debug|x86.ActiveCfg = Debug|Any CPU
		{64FC6B78-CC2C-4356-9475-1B9D4C8F19FE}.Debug|x86.Build.0 = Debug|Any CPU
		{64FC6B78-CC2C-4356-9475-1B9D4C8F19FE}.Release|Any CPU.ActiveCfg = Release|Any CPU
		{64FC6B78-CC2C-4356-9475-1B9D4C8F19FE}.Release|Any CPU.Build.0 = Release|Any CPU
		{64FC6B78-CC2C-4356-9475-1B9D4C8F19FE}.Release|x64.ActiveCfg = Release|Any CPU
		{64FC6B78-CC2C-4356-9475-1B9D4C8F19FE}.Release|x64.Build.0 = Release|Any CPU
		{64FC6B78-CC2C-4356-9475-1B9D4C8F19FE}.Release|x86.ActiveCfg = Release|Any CPU
		{64FC6B78-CC2C-4356-9475-1B9D4C8F19FE}.Release|x86.Build.0 = Release|Any CPU
		{B2E3EEB6-6156-4143-B26A-9E5C89913763}.Debug|Any CPU.ActiveCfg = Debug|Any CPU
		{B2E3EEB6-6156-4143-B26A-9E5C89913763}.Debug|Any CPU.Build.0 = Debug|Any CPU
		{B2E3EEB6-6156-4143-B26A-9E5C89913763}.Debug|x64.ActiveCfg = Debug|Any CPU
		{B2E3EEB6-6156-4143-B26A-9E5C89913763}.Debug|x64.Build.0 = Debug|Any CPU
		{B2E3EEB6-6156-4143-B26A-9E5C89913763}.Debug|x86.ActiveCfg = Debug|Any CPU
		{B2E3EEB6-6156-4143-B26A-9E5C89913763}.Debug|x86.Build.0 = Debug|Any CPU
		{B2E3EEB6-6156-4143-B26A-9E5C89913763}.Release|Any CPU.ActiveCfg = Release|Any CPU
		{B2E3EEB6-6156-4143-B26A-9E5C89913763}.Release|Any CPU.Build.0 = Release|Any CPU
		{B2E3EEB6-6156-4143-B26A-9E5C89913763}.Release|x64.ActiveCfg = Release|Any CPU
		{B2E3EEB6-6156-4143-B26A-9E5C89913763}.Release|x64.Build.0 = Release|Any CPU
		{B2E3EEB6-6156-4143-B26A-9E5C89913763}.Release|x86.ActiveCfg = Release|Any CPU
		{B2E3EEB6-6156-4143-B26A-9E5C89913763}.Release|x86.Build.0 = Release|Any CPU
		{F1B2314D-6FE0-454D-B204-B2380D9550BF}.Debug|Any CPU.ActiveCfg = Debug|Any CPU
		{F1B2314D-6FE0-454D-B204-B2380D9550BF}.Debug|Any CPU.Build.0 = Debug|Any CPU
		{F1B2314D-6FE0-454D-B204-B2380D9550BF}.Debug|x64.ActiveCfg = Debug|Any CPU
		{F1B2314D-6FE0-454D-B204-B2380D9550BF}.Debug|x64.Build.0 = Debug|Any CPU
		{F1B2314D-6FE0-454D-B204-B2380D9550BF}.Debug|x86.ActiveCfg = Debug|Any CPU
		{F1B2314D-6FE0-454D-B204-B2380D9550BF}.Debug|x86.Build.0 = Debug|Any CPU
		{F1B2314D-6FE0-454D-B204-B2380D9550BF}.Release|Any CPU.ActiveCfg = Release|Any CPU
		{F1B2314D-6FE0-454D-B204-B2380D9550BF}.Release|Any CPU.Build.0 = Release|Any CPU
		{F1B2314D-6FE0-454D-B204-B2380D9550BF}.Release|x64.ActiveCfg = Release|Any CPU
		{F1B2314D-6FE0-454D-B204-B2380D9550BF}.Release|x64.Build.0 = Release|Any CPU
		{F1B2314D-6FE0-454D-B204-B2380D9550BF}.Release|x86.ActiveCfg = Release|Any CPU
		{F1B2314D-6FE0-454D-B204-B2380D9550BF}.Release|x86.Build.0 = Release|Any CPU
		{112DCF42-2E64-437E-B3A5-27B59474D23A}.Debug|Any CPU.ActiveCfg = Debug|Any CPU
		{112DCF42-2E64-437E-B3A5-27B59474D23A}.Debug|Any CPU.Build.0 = Debug|Any CPU
		{112DCF42-2E64-437E-B3A5-27B59474D23A}.Debug|x64.ActiveCfg = Debug|Any CPU
		{112DCF42-2E64-437E-B3A5-27B59474D23A}.Debug|x64.Build.0 = Debug|Any CPU
		{112DCF42-2E64-437E-B3A5-27B59474D23A}.Debug|x86.ActiveCfg = Debug|Any CPU
		{112DCF42-2E64-437E-B3A5-27B59474D23A}.Debug|x86.Build.0 = Debug|Any CPU
		{112DCF42-2E64-437E-B3A5-27B59474D23A}.Release|Any CPU.ActiveCfg = Release|Any CPU
		{112DCF42-2E64-437E-B3A5-27B59474D23A}.Release|Any CPU.Build.0 = Release|Any CPU
		{112DCF42-2E64-437E-B3A5-27B59474D23A}.Release|x64.ActiveCfg = Release|Any CPU
		{112DCF42-2E64-437E-B3A5-27B59474D23A}.Release|x64.Build.0 = Release|Any CPU
		{112DCF42-2E64-437E-B3A5-27B59474D23A}.Release|x86.ActiveCfg = Release|Any CPU
		{112DCF42-2E64-437E-B3A5-27B59474D23A}.Release|x86.Build.0 = Release|Any CPU
		{5047F9D9-AFAA-4FCA-A01B-E6898B36FD92}.Debug|Any CPU.ActiveCfg = Debug|Any CPU
		{5047F9D9-AFAA-4FCA-A01B-E6898B36FD92}.Debug|Any CPU.Build.0 = Debug|Any CPU
		{5047F9D9-AFAA-4FCA-A01B-E6898B36FD92}.Debug|x64.ActiveCfg = Debug|Any CPU
		{5047F9D9-AFAA-4FCA-A01B-E6898B36FD92}.Debug|x64.Build.0 = Debug|Any CPU
		{5047F9D9-AFAA-4FCA-A01B-E6898B36FD92}.Debug|x86.ActiveCfg = Debug|Any CPU
		{5047F9D9-AFAA-4FCA-A01B-E6898B36FD92}.Debug|x86.Build.0 = Debug|Any CPU
		{5047F9D9-AFAA-4FCA-A01B-E6898B36FD92}.Release|Any CPU.ActiveCfg = Release|Any CPU
		{5047F9D9-AFAA-4FCA-A01B-E6898B36FD92}.Release|Any CPU.Build.0 = Release|Any CPU
		{5047F9D9-AFAA-4FCA-A01B-E6898B36FD92}.Release|x64.ActiveCfg = Release|Any CPU
		{5047F9D9-AFAA-4FCA-A01B-E6898B36FD92}.Release|x64.Build.0 = Release|Any CPU
		{5047F9D9-AFAA-4FCA-A01B-E6898B36FD92}.Release|x86.ActiveCfg = Release|Any CPU
		{5047F9D9-AFAA-4FCA-A01B-E6898B36FD92}.Release|x86.Build.0 = Release|Any CPU
		{2C254CBE-BFB7-4884-BC37-F7A6CFAED9A3}.Debug|Any CPU.ActiveCfg = Debug|Any CPU
		{2C254CBE-BFB7-4884-BC37-F7A6CFAED9A3}.Debug|Any CPU.Build.0 = Debug|Any CPU
		{2C254CBE-BFB7-4884-BC37-F7A6CFAED9A3}.Debug|x64.ActiveCfg = Debug|Any CPU
		{2C254CBE-BFB7-4884-BC37-F7A6CFAED9A3}.Debug|x64.Build.0 = Debug|Any CPU
		{2C254CBE-BFB7-4884-BC37-F7A6CFAED9A3}.Debug|x86.ActiveCfg = Debug|Any CPU
		{2C254CBE-BFB7-4884-BC37-F7A6CFAED9A3}.Debug|x86.Build.0 = Debug|Any CPU
		{2C254CBE-BFB7-4884-BC37-F7A6CFAED9A3}.Release|Any CPU.ActiveCfg = Release|Any CPU
		{2C254CBE-BFB7-4884-BC37-F7A6CFAED9A3}.Release|Any CPU.Build.0 = Release|Any CPU
		{2C254CBE-BFB7-4884-BC37-F7A6CFAED9A3}.Release|x64.ActiveCfg = Release|Any CPU
		{2C254CBE-BFB7-4884-BC37-F7A6CFAED9A3}.Release|x64.Build.0 = Release|Any CPU
		{2C254CBE-BFB7-4884-BC37-F7A6CFAED9A3}.Release|x86.ActiveCfg = Release|Any CPU
		{2C254CBE-BFB7-4884-BC37-F7A6CFAED9A3}.Release|x86.Build.0 = Release|Any CPU
		{7810632A-D1D2-4E53-ABF4-B4463C49485D}.Debug|Any CPU.ActiveCfg = Debug|Any CPU
		{7810632A-D1D2-4E53-ABF4-B4463C49485D}.Debug|Any CPU.Build.0 = Debug|Any CPU
		{7810632A-D1D2-4E53-ABF4-B4463C49485D}.Debug|x64.ActiveCfg = Debug|Any CPU
		{7810632A-D1D2-4E53-ABF4-B4463C49485D}.Debug|x64.Build.0 = Debug|Any CPU
		{7810632A-D1D2-4E53-ABF4-B4463C49485D}.Debug|x86.ActiveCfg = Debug|Any CPU
		{7810632A-D1D2-4E53-ABF4-B4463C49485D}.Debug|x86.Build.0 = Debug|Any CPU
		{7810632A-D1D2-4E53-ABF4-B4463C49485D}.Release|Any CPU.ActiveCfg = Release|Any CPU
		{7810632A-D1D2-4E53-ABF4-B4463C49485D}.Release|Any CPU.Build.0 = Release|Any CPU
		{7810632A-D1D2-4E53-ABF4-B4463C49485D}.Release|x64.ActiveCfg = Release|Any CPU
		{7810632A-D1D2-4E53-ABF4-B4463C49485D}.Release|x64.Build.0 = Release|Any CPU
		{7810632A-D1D2-4E53-ABF4-B4463C49485D}.Release|x86.ActiveCfg = Release|Any CPU
		{7810632A-D1D2-4E53-ABF4-B4463C49485D}.Release|x86.Build.0 = Release|Any CPU
		{5A176B3A-DF06-4D25-8353-A342D8587930}.Debug|Any CPU.ActiveCfg = Debug|Any CPU
		{5A176B3A-DF06-4D25-8353-A342D8587930}.Debug|Any CPU.Build.0 = Debug|Any CPU
		{5A176B3A-DF06-4D25-8353-A342D8587930}.Debug|x64.ActiveCfg = Debug|Any CPU
		{5A176B3A-DF06-4D25-8353-A342D8587930}.Debug|x64.Build.0 = Debug|Any CPU
		{5A176B3A-DF06-4D25-8353-A342D8587930}.Debug|x86.ActiveCfg = Debug|Any CPU
		{5A176B3A-DF06-4D25-8353-A342D8587930}.Debug|x86.Build.0 = Debug|Any CPU
		{5A176B3A-DF06-4D25-8353-A342D8587930}.Release|Any CPU.ActiveCfg = Release|Any CPU
		{5A176B3A-DF06-4D25-8353-A342D8587930}.Release|Any CPU.Build.0 = Release|Any CPU
		{5A176B3A-DF06-4D25-8353-A342D8587930}.Release|x64.ActiveCfg = Release|Any CPU
		{5A176B3A-DF06-4D25-8353-A342D8587930}.Release|x64.Build.0 = Release|Any CPU
		{5A176B3A-DF06-4D25-8353-A342D8587930}.Release|x86.ActiveCfg = Release|Any CPU
		{5A176B3A-DF06-4D25-8353-A342D8587930}.Release|x86.Build.0 = Release|Any CPU
		{4D2A6F16-BF98-4CAA-8F61-FBB244EB9C27}.Debug|Any CPU.ActiveCfg = Debug|Any CPU
		{4D2A6F16-BF98-4CAA-8F61-FBB244EB9C27}.Debug|Any CPU.Build.0 = Debug|Any CPU
		{4D2A6F16-BF98-4CAA-8F61-FBB244EB9C27}.Debug|x64.ActiveCfg = Debug|Any CPU
		{4D2A6F16-BF98-4CAA-8F61-FBB244EB9C27}.Debug|x64.Build.0 = Debug|Any CPU
		{4D2A6F16-BF98-4CAA-8F61-FBB244EB9C27}.Debug|x86.ActiveCfg = Debug|Any CPU
		{4D2A6F16-BF98-4CAA-8F61-FBB244EB9C27}.Debug|x86.Build.0 = Debug|Any CPU
		{4D2A6F16-BF98-4CAA-8F61-FBB244EB9C27}.Release|Any CPU.ActiveCfg = Release|Any CPU
		{4D2A6F16-BF98-4CAA-8F61-FBB244EB9C27}.Release|Any CPU.Build.0 = Release|Any CPU
		{4D2A6F16-BF98-4CAA-8F61-FBB244EB9C27}.Release|x64.ActiveCfg = Release|Any CPU
		{4D2A6F16-BF98-4CAA-8F61-FBB244EB9C27}.Release|x64.Build.0 = Release|Any CPU
		{4D2A6F16-BF98-4CAA-8F61-FBB244EB9C27}.Release|x86.ActiveCfg = Release|Any CPU
		{4D2A6F16-BF98-4CAA-8F61-FBB244EB9C27}.Release|x86.Build.0 = Release|Any CPU
		{C6070549-04A8-4094-8FD5-CFAA7519D4F7}.Debug|Any CPU.ActiveCfg = Debug|Any CPU
		{C6070549-04A8-4094-8FD5-CFAA7519D4F7}.Debug|Any CPU.Build.0 = Debug|Any CPU
		{C6070549-04A8-4094-8FD5-CFAA7519D4F7}.Debug|x64.ActiveCfg = Debug|Any CPU
		{C6070549-04A8-4094-8FD5-CFAA7519D4F7}.Debug|x64.Build.0 = Debug|Any CPU
		{C6070549-04A8-4094-8FD5-CFAA7519D4F7}.Debug|x86.ActiveCfg = Debug|Any CPU
		{C6070549-04A8-4094-8FD5-CFAA7519D4F7}.Debug|x86.Build.0 = Debug|Any CPU
		{C6070549-04A8-4094-8FD5-CFAA7519D4F7}.Release|Any CPU.ActiveCfg = Release|Any CPU
		{C6070549-04A8-4094-8FD5-CFAA7519D4F7}.Release|Any CPU.Build.0 = Release|Any CPU
		{C6070549-04A8-4094-8FD5-CFAA7519D4F7}.Release|x64.ActiveCfg = Release|Any CPU
		{C6070549-04A8-4094-8FD5-CFAA7519D4F7}.Release|x64.Build.0 = Release|Any CPU
		{C6070549-04A8-4094-8FD5-CFAA7519D4F7}.Release|x86.ActiveCfg = Release|Any CPU
		{C6070549-04A8-4094-8FD5-CFAA7519D4F7}.Release|x86.Build.0 = Release|Any CPU
		{4CAC1FF1-5CC6-44CC-97FE-945CCE35D036}.Debug|Any CPU.ActiveCfg = Debug|Any CPU
		{4CAC1FF1-5CC6-44CC-97FE-945CCE35D036}.Debug|Any CPU.Build.0 = Debug|Any CPU
		{4CAC1FF1-5CC6-44CC-97FE-945CCE35D036}.Debug|x64.ActiveCfg = Debug|Any CPU
		{4CAC1FF1-5CC6-44CC-97FE-945CCE35D036}.Debug|x64.Build.0 = Debug|Any CPU
		{4CAC1FF1-5CC6-44CC-97FE-945CCE35D036}.Debug|x86.ActiveCfg = Debug|Any CPU
		{4CAC1FF1-5CC6-44CC-97FE-945CCE35D036}.Debug|x86.Build.0 = Debug|Any CPU
		{4CAC1FF1-5CC6-44CC-97FE-945CCE35D036}.Release|Any CPU.ActiveCfg = Release|Any CPU
		{4CAC1FF1-5CC6-44CC-97FE-945CCE35D036}.Release|Any CPU.Build.0 = Release|Any CPU
		{4CAC1FF1-5CC6-44CC-97FE-945CCE35D036}.Release|x64.ActiveCfg = Release|Any CPU
		{4CAC1FF1-5CC6-44CC-97FE-945CCE35D036}.Release|x64.Build.0 = Release|Any CPU
		{4CAC1FF1-5CC6-44CC-97FE-945CCE35D036}.Release|x86.ActiveCfg = Release|Any CPU
		{4CAC1FF1-5CC6-44CC-97FE-945CCE35D036}.Release|x86.Build.0 = Release|Any CPU
		{71E770BB-CF25-4189-8418-BF2BBA511AC1}.Debug|Any CPU.ActiveCfg = Debug|Any CPU
		{71E770BB-CF25-4189-8418-BF2BBA511AC1}.Debug|Any CPU.Build.0 = Debug|Any CPU
		{71E770BB-CF25-4189-8418-BF2BBA511AC1}.Debug|x64.ActiveCfg = Debug|Any CPU
		{71E770BB-CF25-4189-8418-BF2BBA511AC1}.Debug|x64.Build.0 = Debug|Any CPU
		{71E770BB-CF25-4189-8418-BF2BBA511AC1}.Debug|x86.ActiveCfg = Debug|Any CPU
		{71E770BB-CF25-4189-8418-BF2BBA511AC1}.Debug|x86.Build.0 = Debug|Any CPU
		{71E770BB-CF25-4189-8418-BF2BBA511AC1}.Release|Any CPU.ActiveCfg = Release|Any CPU
		{71E770BB-CF25-4189-8418-BF2BBA511AC1}.Release|Any CPU.Build.0 = Release|Any CPU
		{71E770BB-CF25-4189-8418-BF2BBA511AC1}.Release|x64.ActiveCfg = Release|Any CPU
		{71E770BB-CF25-4189-8418-BF2BBA511AC1}.Release|x64.Build.0 = Release|Any CPU
		{71E770BB-CF25-4189-8418-BF2BBA511AC1}.Release|x86.ActiveCfg = Release|Any CPU
		{71E770BB-CF25-4189-8418-BF2BBA511AC1}.Release|x86.Build.0 = Release|Any CPU
		{135AF48F-25CE-433E-BD90-225547F5A7D0}.Debug|Any CPU.ActiveCfg = Debug|Any CPU
		{135AF48F-25CE-433E-BD90-225547F5A7D0}.Debug|Any CPU.Build.0 = Debug|Any CPU
		{135AF48F-25CE-433E-BD90-225547F5A7D0}.Debug|x64.ActiveCfg = Debug|Any CPU
		{135AF48F-25CE-433E-BD90-225547F5A7D0}.Debug|x64.Build.0 = Debug|Any CPU
		{135AF48F-25CE-433E-BD90-225547F5A7D0}.Debug|x86.ActiveCfg = Debug|Any CPU
		{135AF48F-25CE-433E-BD90-225547F5A7D0}.Debug|x86.Build.0 = Debug|Any CPU
		{135AF48F-25CE-433E-BD90-225547F5A7D0}.Release|Any CPU.ActiveCfg = Release|Any CPU
		{135AF48F-25CE-433E-BD90-225547F5A7D0}.Release|Any CPU.Build.0 = Release|Any CPU
		{135AF48F-25CE-433E-BD90-225547F5A7D0}.Release|x64.ActiveCfg = Release|Any CPU
		{135AF48F-25CE-433E-BD90-225547F5A7D0}.Release|x64.Build.0 = Release|Any CPU
		{135AF48F-25CE-433E-BD90-225547F5A7D0}.Release|x86.ActiveCfg = Release|Any CPU
		{135AF48F-25CE-433E-BD90-225547F5A7D0}.Release|x86.Build.0 = Release|Any CPU
	EndGlobalSection
	GlobalSection(SolutionProperties) = preSolution
		HideSolutionNode = FALSE
	EndGlobalSection
	GlobalSection(NestedProjects) = preSolution
		{4DFB1C19-68C8-4A70-A905-10ABCB5AF20B} = {827E0CD3-B72D-47B6-A68D-7590B98EB39B}
		{E1E39D26-7066-45F4-9DD7-AEC0A1267A63} = {827E0CD3-B72D-47B6-A68D-7590B98EB39B}
		{577CD828-EFF4-44D3-ABB8-F2C8A5776383} = {827E0CD3-B72D-47B6-A68D-7590B98EB39B}
		{F9244A14-B40D-4AE6-B872-5262505B4A26} = {827E0CD3-B72D-47B6-A68D-7590B98EB39B}
		{60D7418A-B749-47AF-B361-7A7F61AA8085} = {827E0CD3-B72D-47B6-A68D-7590B98EB39B}
		{77D4459A-FF8D-415F-87D8-DA81B9E2915C} = {827E0CD3-B72D-47B6-A68D-7590B98EB39B}
		{54BEF0AB-6413-4506-896D-6512063E258F} = {5D20AA90-6969-D8BD-9DCD-8634F4692FDA}
		{108F666C-0FFA-4F7D-916E-9170A56C1FD2} = {5D20AA90-6969-D8BD-9DCD-8634F4692FDA}
		{4561BA31-3A67-4EC0-94CE-F07A9C2A38FD} = {5D20AA90-6969-D8BD-9DCD-8634F4692FDA}
		{E050C765-D029-4F51-8F61-A21B31B0D1E9} = {5D20AA90-6969-D8BD-9DCD-8634F4692FDA}
		{8D3A8789-AD3E-482C-BB78-11A356EE1C20} = {5D20AA90-6969-D8BD-9DCD-8634F4692FDA}
		{64FC6B78-CC2C-4356-9475-1B9D4C8F19FE} = {5D20AA90-6969-D8BD-9DCD-8634F4692FDA}
		{B2E3EEB6-6156-4143-B26A-9E5C89913763} = {66320409-64EC-F7C5-3DEF-65E7510DAAD1}
		{F1B2314D-6FE0-454D-B204-B2380D9550BF} = {66320409-64EC-F7C5-3DEF-65E7510DAAD1}
		{112DCF42-2E64-437E-B3A5-27B59474D23A} = {66320409-64EC-F7C5-3DEF-65E7510DAAD1}
		{5047F9D9-AFAA-4FCA-A01B-E6898B36FD92} = {66320409-64EC-F7C5-3DEF-65E7510DAAD1}
		{2C254CBE-BFB7-4884-BC37-F7A6CFAED9A3} = {66320409-64EC-F7C5-3DEF-65E7510DAAD1}
		{7810632A-D1D2-4E53-ABF4-B4463C49485D} = {66320409-64EC-F7C5-3DEF-65E7510DAAD1}
		{5A176B3A-DF06-4D25-8353-A342D8587930} = {0AB3BF05-4346-4AA6-1389-037BE0695223}
		{4D2A6F16-BF98-4CAA-8F61-FBB244EB9C27} = {0AB3BF05-4346-4AA6-1389-037BE0695223}
		{C6070549-04A8-4094-8FD5-CFAA7519D4F7} = {0AB3BF05-4346-4AA6-1389-037BE0695223}
		{4CAC1FF1-5CC6-44CC-97FE-945CCE35D036} = {0AB3BF05-4346-4AA6-1389-037BE0695223}
		{71E770BB-CF25-4189-8418-BF2BBA511AC1} = {0AB3BF05-4346-4AA6-1389-037BE0695223}
		{135AF48F-25CE-433E-BD90-225547F5A7D0} = {0AB3BF05-4346-4AA6-1389-037BE0695223}
	EndGlobalSection
EndGlobal
